
Microsoft Visual Studio Solution File, Format Version 12.00
# Visual Studio Version 17
VisualStudioVersion = 17.14.36518.9 d17.14
MinimumVisualStudioVersion = 10.0.40219.1
Project("{FAE04EC0-301F-11D3-BF4B-00C04F79EFBC}") = "MvcPrac", "MvcPrac\MvcPrac.csproj", "{4C4BCBD0-8AAE-4DED-92D0-33D097AF703F}"
EndProject
Global
	GlobalSection(SolutionConfigurationPlatforms) = preSolution
		Debug|Any CPU = Debug|Any CPU
		Release|Any CPU = Release|Any CPU
	EndGlobalSection
	GlobalSection(ProjectConfigurationPlatforms) = postSolution
		{4C4BCBD0-8AAE-4DED-92D0-33D097AF703F}.Debug|Any CPU.ActiveCfg = Debug|Any CPU
		{4C4BCBD0-8AAE-4DED-92D0-33D097AF703F}.Debug|Any CPU.Build.0 = Debug|Any CPU
		{4C4BCBD0-8AAE-4DED-92D0-33D097AF703F}.Release|Any CPU.ActiveCfg = Release|Any CPU
		{4C4BCBD0-8AAE-4DED-92D0-33D097AF703F}.Release|Any CPU.Build.0 = Release|Any CPU
	EndGlobalSection
	GlobalSection(SolutionProperties) = preSolution
		HideSolutionNode = FALSE
	EndGlobalSection
	GlobalSection(ExtensibilityGlobals) = postSolution
		SolutionGuid = {C503BEF6-CEBC-4702-9E57-1AFCC3185CFC}
	EndGlobalSection
EndGlobal
